// !$*UTF8*$!
{
	archiveVersion = 1;
	classes = {
	};
	objectVersion = 46;
	objects = {

/* Begin PBXBuildFile section */
		18DC15471C0DDC3600CF02DC /* main.m in Sources */ = {isa = PBXBuildFile; fileRef = 18DC15461C0DDC3600CF02DC /* main.m */; };
		18DC154A1C0DDC3600CF02DC /* AppDelegate.m in Sources */ = {isa = PBXBuildFile; fileRef = 18DC15491C0DDC3600CF02DC /* AppDelegate.m */; };
		18DC154D1C0DDC3600CF02DC /* ViewController.m in Sources */ = {isa = PBXBuildFile; fileRef = 18DC154C1C0DDC3600CF02DC /* ViewController.m */; };
		18DC15501C0DDC3600CF02DC /* Main.storyboard in Resources */ = {isa = PBXBuildFile; fileRef = 18DC154E1C0DDC3600CF02DC /* Main.storyboard */; };
		18DC15521C0DDC3600CF02DC /* Assets.xcassets in Resources */ = {isa = PBXBuildFile; fileRef = 18DC15511C0DDC3600CF02DC /* Assets.xcassets */; };
		18DC15551C0DDC3600CF02DC /* LaunchScreen.storyboard in Resources */ = {isa = PBXBuildFile; fileRef = 18DC15531C0DDC3600CF02DC /* LaunchScreen.storyboard */; };
/* End PBXBuildFile section */

/* Begin PBXFileReference section */
		18DC15421C0DDC3600CF02DC /* 测试.app */ = {isa = PBXFileReference; explicitFileType = wrapper.application; includeInIndex = 0; path = "测试.app"; sourceTree = BUILT_PRODUCTS_DIR; };
		18DC15461C0DDC3600CF02DC /* main.m */ = {isa = PBXFileReference; lastKnownFileType = sourcecode.c.objc; path = main.m; sourceTree = "<group>"; };
		18DC15481C0DDC3600CF02DC /* AppDelegate.h */ = {isa = PBXFileReference; lastKnownFileType = sourcecode.c.h; path = AppDelegate.h; sourceTree = "<group>"; };
		18DC15491C0DDC3600CF02DC /* AppDelegate.m */ = {isa = PBXFileReference; lastKnownFileType = sourcecode.c.objc; path = AppDelegate.m; sourceTree = "<group>"; };
		18DC154B1C0DDC3600CF02DC /* ViewController.h */ = {isa = PBXFileReference; lastKnownFileType = sourcecode.c.h; path = ViewController.h; sourceTree = "<group>"; };
		18DC154C1C0DDC3600CF02DC /* ViewController.m */ = {isa = PBXFileReference; lastKnownFileType = sourcecode.c.objc; path = ViewController.m; sourceTree = "<group>"; };
		18DC154F1C0DDC3600CF02DC /* Base */ = {isa = PBXFileReference; lastKnownFileType = file.storyboard; name = Base; path = Base.lproj/Main.storyboard; sourceTree = "<group>"; };
		18DC15511C0DDC3600CF02DC /* Assets.xcassets */ = {isa = PBXFileReference; lastKnownFileType = folder.assetcatalog; path = Assets.xcassets; sourceTree = "<group>"; };
		18DC15541C0DDC3600CF02DC /* Base */ = {isa = PBXFileReference; lastKnownFileType = file.storyboard; name = Base; path = Base.lproj/LaunchScreen.storyboard; sourceTree = "<group>"; };
		18DC15561C0DDC3600CF02DC /* Info.plist */ = {isa = PBXFileReference; lastKnownFileType = text.plist.xml; path = Info.plist; sourceTree = "<group>"; };
/* End PBXFileReference section */

/* Begin PBXFrameworksBuildPhase section */
		18DC153F1C0DDC3600CF02DC /* Frameworks */ = {
			isa = PBXFrameworksBuildPhase;
			buildActionMask = 2147483647;
			files = (
			);
			runOnlyForDeploymentPostprocessing = 0;
		};
/* End PBXFrameworksBuildPhase section */

/* Begin PBXGroup section */
		18DC15391C0DDC3600CF02DC = {
			isa = PBXGroup;
			children = (
				18DC15441C0DDC3600CF02DC /* 测试 */,
				18DC15431C0DDC3600CF02DC /* Products */,
			);
			sourceTree = "<group>";
		};
		18DC15431C0DDC3600CF02DC /* Products */ = {
			isa = PBXGroup;
			children = (
				18DC15421C0DDC3600CF02DC /* 测试.app */,
			);
			name = Products;
			sourceTree = "<group>";
		};
		18DC15441C0DDC3600CF02DC /* 测试 */ = {
			isa = PBXGroup;
			children = (
				18DC15481C0DDC3600CF02DC /* AppDelegate.h */,
				18DC15491C0DDC3600CF02DC /* AppDelegate.m */,
				18DC154B1C0DDC3600CF02DC /* ViewController.h */,
				18DC154C1C0DDC3600CF02DC /* ViewController.m */,
				18DC154E1C0DDC3600CF02DC /* Main.storyboard */,
				18DC15511C0DDC3600CF02DC /* Assets.xcassets */,
				18DC15531C0DDC3600CF02DC /* LaunchScreen.storyboard */,
				18DC15561C0DDC3600CF02DC /* Info.plist */,
				18DC15451C0DDC3600CF02DC /* Supporting Files */,
			);
			path = "测试";
			sourceTree = "<group>";
		};
		18DC15451C0DDC3600CF02DC /* Supporting Files */ = {
			isa = PBXGroup;
			children = (
				18DC15461C0DDC3600CF02DC /* main.m */,
			);
			name = "Supporting Files";
			sourceTree = "<group>";
		};
/* End PBXGroup section */

/* Begin PBXNativeTarget section */
		18DC15411C0DDC3600CF02DC /* 测试 */ = {
			isa = PBXNativeTarget;
			buildConfigurationList = 18DC15591C0DDC3600CF02DC /* Build configuration list for PBXNativeTarget "测试" */;
			buildPhases = (
				18DC153E1C0DDC3600CF02DC /* Sources */,
				18DC153F1C0DDC3600CF02DC /* Frameworks */,
				18DC15401C0DDC3600CF02DC /* Resources */,
			);
			buildRules = (
			);
			dependencies = (
			);
			name = "测试";
			productName = "测试";
			productReference = 18DC15421C0DDC3600CF02DC /* 测试.app */;
			productType = "com.apple.product-type.application";
		};
/* End PBXNativeTarget section */

/* Begin PBXProject section */
		18DC153A1C0DDC3600CF02DC /* Project object */ = {
			isa = PBXProject;
			attributes = {
				LastUpgradeCheck = 0710;
				ORGANIZATIONNAME = ZZY;
				TargetAttributes = {
					18DC15411C0DDC3600CF02DC = {
						CreatedOnToolsVersion = 7.1.1;
						DevelopmentTeam = 7R5X3C7UD7;
					};
				};
			};
			buildConfigurationList = 18DC153D1C0DDC3600CF02DC /* Build configuration list for PBXProject "测试" */;
			compatibilityVersion = "Xcode 3.2";
			developmentRegion = English;
			hasScannedForEncodings = 0;
			knownRegions = (
				en,
				Base,
			);
			mainGroup = 18DC15391C0DDC3600CF02DC;
			productRefGroup = 18DC15431C0DDC3600CF02DC /* Products */;
			projectDirPath = "";
			projectRoot = "";
			targets = (
				18DC15411C0DDC3600CF02DC /* 测试 */,
			);
		};
/* End PBXProject section */

/* Begin PBXResourcesBuildPhase section */
		18DC15401C0DDC3600CF02DC /* Resources */ = {
			isa = PBXResourcesBuildPhase;
			buildActionMask = 2147483647;
			files = (
				18DC15551C0DDC3600CF02DC /* LaunchScreen.storyboard in Resources */,
				18DC15521C0DDC3600CF02DC /* Assets.xcassets in Resources */,
				18DC15501C0DDC3600CF02DC /* Main.storyboard in Resources */,
			);
			runOnlyForDeploymentPostprocessing = 0;
		};
/* End PBXResourcesBuildPhase section */

/* Begin PBXSourcesBuildPhase section */
		18DC153E1C0DDC3600CF02DC /* Sources */ = {
			isa = PBXSourcesBuildPhase;
			buildActionMask = 2147483647;
			files = (
				18DC154D1C0DDC3600CF02DC /* ViewController.m in Sources */,
				18DC154A1C0DDC3600CF02DC /* AppDelegate.m in Sources */,
				18DC15471C0DDC3600CF02DC /* main.m in Sources */,
			);
			runOnlyForDeploymentPostprocessing = 0;
		};
/* End PBXSourcesBuildPhase section */

/* Begin PBXVariantGroup section */
		18DC154E1C0DDC3600CF02DC /* Main.storyboard */ = {
			isa = PBXVariantGroup;
			children = (
				18DC154F1C0DDC3600CF02DC /* Base */,
			);
			name = Main.storyboard;
			sourceTree = "<group>";
		};
		18DC15531C0DDC3600CF02DC /* LaunchScreen.storyboard */ = {
			isa = PBXVariantGroup;
			children = (
				18DC15541C0DDC3600CF02DC /* Base */,
			);
			name = LaunchScreen.storyboard;
			sourceTree = "<group>";
		};
/* End PBXVariantGroup section */

/* Begin XCBuildConfiguration section */
		18DC15571C0DDC3600CF02DC /* Debug */ = {
			isa = XCBuildConfiguration;
			buildSettings = {
				ALWAYS_SEARCH_USER_PATHS = NO;
				CLANG_CXX_LANGUAGE_STANDARD = "gnu++0x";
				CLANG_CXX_LIBRARY = "libc++";
				CLANG_ENABLE_MODULES = YES;
				CLANG_ENABLE_OBJC_ARC = YES;
				CLANG_WARN_BOOL_CONVERSION = YES;
				CLANG_WARN_CONSTANT_CONVERSION = YES;
				CLANG_WARN_DIRECT_OBJC_ISA_USAGE = YES_ERROR;
				CLANG_WARN_EMPTY_BODY = YES;
				CLANG_WARN_ENUM_CONVERSION = YES;
				CLANG_WARN_INT_CONVERSION = YES;
				CLANG_WARN_OBJC_ROOT_CLASS = YES_ERROR;
				CLANG_WARN_UNREACHABLE_CODE = YES;
				CLANG_WARN__DUPLICATE_METHOD_MATCH = YES;
				"CODE_SIGN_IDENTITY[sdk=iphoneos*]" = "iPhone Developer";
				COPY_PHASE_STRIP = NO;
				DEBUG_INFORMATION_FORMAT = dwarf;
				ENABLE_STRICT_OBJC_MSGSEND = YES;
				ENABLE_TESTABILITY = YES;
				GCC_C_LANGUAGE_STANDARD = gnu99;
				GCC_DYNAMIC_NO_PIC = NO;
				GCC_NO_COMMON_BLOCKS = YES;
				GCC_OPTIMIZATION_LEVEL = 0;
				GCC_PREPROCESSOR_DEFINITIONS = (
					"DEBUG=1",
					"$(inherited)",
				);
				GCC_WARN_64_TO_32_BIT_CONVERSION = YES;
				GCC_WARN_ABOUT_RETURN_TYPE = YES_ERROR;
				GCC_WARN_UNDECLARED_SELECTOR = YES;
				GCC_WARN_UNINITIALIZED_AUTOS = YES_AGGRESSIVE;
				GCC_WARN_UNUSED_FUNCTION = YES;
				GCC_WARN_UNUSED_VARIABLE = YES;
				IPHONEOS_DEPLOYMENT_TARGET = 9.1;
				MTL_ENABLE_DEBUG_INFO = YES;
				ONLY_ACTIVE_ARCH = YES;
				SDKROOT = iphoneos;
			};
			name = Debug;
		};
		18DC15581C0DDC3600CF02DC /* Release */ = {
			isa = XCBuildConfiguration;
			buildSettings = {
				ALWAYS_SEARCH_USER_PATHS = NO;
				CLANG_CXX_LANGUAGE_STANDARD = "gnu++0x";
				CLANG_CXX_LIBRARY = "libc++";
				CLANG_ENABLE_MODULES = YES;
				CLANG_ENABLE_OBJC_ARC = YES;
				CLANG_WARN_BOOL_CONVERSION = YES;
				CLANG_WARN_CONSTANT_CONVERSION = YES;
				CLANG_WARN_DIRECT_OBJC_ISA_USAGE = YES_ERROR;
				CLANG_WARN_EMPTY_BODY = YES;
				CLANG_WARN_ENUM_CONVERSION = YES;
				CLANG_WARN_INT_CONVERSION = YES;
				CLANG_WARN_OBJC_ROOT_CLASS = YES_ERROR;
				CLANG_WARN_UNREACHABLE_CODE = YES;
				CLANG_WARN__DUPLICATE_METHOD_MATCH = YES;
				"CODE_SIGN_IDENTITY[sdk=iphoneos*]" = "iPhone Developer";
				COPY_PHASE_STRIP = NO;
				DEBUG_INFORMATION_FORMAT = "dwarf-with-dsym";
				ENABLE_NS_ASSERTIONS = NO;
				ENABLE_STRICT_OBJC_MSGSEND = YES;
				GCC_C_LANGUAGE_STANDARD = gnu99;
				GCC_NO_COMMON_BLOCKS = YES;
				GCC_WARN_64_TO_32_BIT_CONVERSION = YES;
				GCC_WARN_ABOUT_RETURN_TYPE = YES_ERROR;
				GCC_WARN_UNDECLARED_SELECTOR = YES;
				GCC_WARN_UNINITIALIZED_AUTOS = YES_AGGRESSIVE;
				GCC_WARN_UNUSED_FUNCTION = YES;
				GCC_WARN_UNUSED_VARIABLE = YES;
				IPHONEOS_DEPLOYMENT_TARGET = 9.1;
				MTL_ENABLE_DEBUG_INFO = NO;
				SDKROOT = iphoneos;
				VALIDATE_PRODUCT = YES;
			};
			name = Release;
		};
		18DC155A1C0DDC3600CF02DC /* Debug */ = {
			isa = XCBuildConfiguration;
			buildSettings = {
				ASSETCATALOG_COMPILER_APPICON_NAME = AppIcon;
				INFOPLIST_FILE = "测试/Info.plist";
				LD_RUNPATH_SEARCH_PATHS = "$(inherited) @executable_path/Frameworks";
				PRODUCT_BUNDLE_IDENTIFIER = "ZZY.--";
				PRODUCT_NAME = "$(TARGET_NAME)";
			};
			name = Debug;
		};
		18DC155B1C0DDC3600CF02DC /* Release */ = {
			isa = XCBuildConfiguration;
			buildSettings = {
				ASSETCATALOG_COMPILER_APPICON_NAME = AppIcon;
				INFOPLIST_FILE = "测试/Info.plist";
				LD_RUNPATH_SEARCH_PATHS = "$(inherited) @executable_path/Frameworks";
				PRODUCT_BUNDLE_IDENTIFIER = "ZZY.--";
				PRODUCT_NAME = "$(TARGET_NAME)";
			};
			name = Release;
		};
/* End XCBuildConfiguration section */

/* Begin XCConfigurationList section */
		18DC153D1C0DDC3600CF02DC /* Build configuration list for PBXProject "测试" */ = {
			isa = XCConfigurationList;
			buildConfigurations = (
				18DC15571C0DDC3600CF02DC /* Debug */,
				18DC15581C0DDC3600CF02DC /* Release */,
			);
			defaultConfigurationIsVisible = 0;
			defaultConfigurationName = Release;
		};
		18DC15591C0DDC3600CF02DC /* Build configuration list for PBXNativeTarget "测试" */ = {
			isa = XCConfigurationList;
			buildConfigurations = (
				18DC155A1C0DDC3600CF02DC /* Debug */,
				18DC155B1C0DDC3600CF02DC /* Release */,
			);
			defaultConfigurationIsVisible = 0;
		};
/* End XCConfigurationList section */
	};
	rootObject = 18DC153A1C0DDC3600CF02DC /* Project object */;
}
